
Microsoft Visual Studio Solution File, Format Version 12.00
# Visual Studio 14
VisualStudioVersion = 14.0.24720.0
MinimumVisualStudioVersion = 10.0.40219.1
Project("{FAE04EC0-301F-11D3-BF4B-00C04F79EFBC}") = "WindowsFormsApplication1", "WindowsFormsApplication1\WindowsFormsApplication1.csproj", "{437122B8-09C4-48F8-B894-60F26F6D11FF}"
EndProject
Global
	GlobalSection(SolutionConfigurationPlatforms) = preSolution
		Debug|Any CPU = Debug|Any CPU
		Release|Any CPU = Release|Any CPU
	EndGlobalSection
	GlobalSection(ProjectConfigurationPlatforms) = postSolution
		{437122B8-09C4-48F8-B894-60F26F6D11FF}.Debug|Any CPU.ActiveCfg = Debug|Any CPU
		{437122B8-09C4-48F8-B894-60F26F6D11FF}.Debug|Any CPU.Build.0 = Debug|Any CPU
		{437122B8-09C4-48F8-B894-60F26F6D11FF}.Release|Any CPU.ActiveCfg = Release|Any CPU
		{437122B8-09C4-48F8-B894-60F26F6D11FF}.Release|Any CPU.Build.0 = Release|Any CPU
	EndGlobalSection
	GlobalSection(SolutionProperties) = preSolution
		HideSolutionNode = FALSE
	EndGlobalSection
EndGlobal
